
Microsoft Visual Studio Solution File, Format Version 12.00
# Visual Studio Version 17
VisualStudioVersion = 17.0.31903.59
MinimumVisualStudioVersion = 10.0.40219.1
Project("{FAE04EC0-301F-11D3-BF4B-00C04F79EFBC}") = "BookingSystem.Api", "BookingSystem.Api\BookingSystem.Api.csproj", "{91411678-25D7-4400-9F2F-DD8B939EA73C}"
EndProject
Project("{FAE04EC0-301F-11D3-BF4B-00C04F79EFBC}") = "BookingSystem.Tests", "BookingSystem.Tests\BookingSystem.Tests.csproj", "{77C4AB65-3904-4E08-AAE8-CB0F15AB7A66}"
EndProject
Global
	GlobalSection(SolutionConfigurationPlatforms) = preSolution
		Debug|Any CPU = Debug|Any CPU
		Release|Any CPU = Release|Any CPU
	EndGlobalSection
	GlobalSection(SolutionProperties) = preSolution
		HideSolutionNode = FALSE
	EndGlobalSection
	GlobalSection(ProjectConfigurationPlatforms) = postSolution
		{91411678-25D7-4400-9F2F-DD8B939EA73C}.Debug|Any CPU.ActiveCfg = Debug|Any CPU
		{91411678-25D7-4400-9F2F-DD8B939EA73C}.Debug|Any CPU.Build.0 = Debug|Any CPU
		{91411678-25D7-4400-9F2F-DD8B939EA73C}.Release|Any CPU.ActiveCfg = Release|Any CPU
		{91411678-25D7-4400-9F2F-DD8B939EA73C}.Release|Any CPU.Build.0 = Release|Any CPU
		{77C4AB65-3904-4E08-AAE8-CB0F15AB7A66}.Debug|Any CPU.ActiveCfg = Debug|Any CPU
		{77C4AB65-3904-4E08-AAE8-CB0F15AB7A66}.Debug|Any CPU.Build.0 = Debug|Any CPU
		{77C4AB65-3904-4E08-AAE8-CB0F15AB7A66}.Release|Any CPU.ActiveCfg = Release|Any CPU
		{77C4AB65-3904-4E08-AAE8-CB0F15AB7A66}.Release|Any CPU.Build.0 = Release|Any CPU
	EndGlobalSection
EndGlobal
